<?xml version="1.0" encoding="utf-8"?>
<Project ToolsVersion="4.0" xmlns="http://schemas.microsoft.com/developer/msbuild/2003">
  <ItemGroup>
    <Filter Include="소스 파일">
      <UniqueIdentifier>{4FC737F1-C7A5-4376-A066-2A32D752A2FF}</UniqueIdentifier>
      <Extensions>cpp;c;cc;cxx;c++;cppm;ixx;def;odl;idl;hpj;bat;asm;asmx</Extensions>
    </Filter>
    <Filter Include="헤더 파일">
      <UniqueIdentifier>{93995380-89BD-4b04-88EB-625FBE52EBFB}</UniqueIdentifier>
      <Extensions>h;hh;hpp;hxx;h++;hm;inl;inc;ipp;xsd</Extensions>
    </Filter>
    <Filter Include="리소스 파일">
      <UniqueIdentifier>{67DA6AB6-F800-4c08-8B7A-83BB121AAD01}</UniqueIdentifier>
      <Extensions>rc;ico;cur;bmp;dlg;rc2;rct;bin;rgs;gif;jpg;jpeg;jpe;resx;tiff;tif;png;wav;mfcribbon-ms</Extensions>
    </Filter>
    <Filter Include="소스 파일\코딩인터뷰 면접문제">
      <UniqueIdentifier>{69d6cbea-4555-4c2b-946b-b492b8ccba8c}</UniqueIdentifier>
    </Filter>
    <Filter Include="소스 파일\코딩인터뷰 면접문제\Chapter 1">
      <UniqueIdentifier>{e798815c-d4ee-44bd-9046-1e48177a2d7d}</UniqueIdentifier>
    </Filter>
    <Filter Include="소스 파일\코딩인터뷰 면접문제\Chapter 2">
      <UniqueIdentifier>{8136000b-23dd-475b-b491-1a9e15b18153}</UniqueIdentifier>
    </Filter>
    <Filter Include="소스 파일\코딩인터뷰 면접문제\Chapter 2\Linkedlist">
      <UniqueIdentifier>{36fdcc9e-3eec-4afc-84ea-768ae7ec1da5}</UniqueIdentifier>
    </Filter>
    <Filter Include="소스 파일\컴파일 의존성">
      <UniqueIdentifier>{c80cf3d8-7813-4c6c-812a-181caef515bc}</UniqueIdentifier>
    </Filter>
    <Filter Include="소스 파일\컴파일 의존성\핸들 클래스">
      <UniqueIdentifier>{21dbe466-fc04-4317-bdbc-2c9350ec863f}</UniqueIdentifier>
    </Filter>
    <Filter Include="소스 파일\컴파일 의존성\인터페이스 클래스">
      <UniqueIdentifier>{f326f4e0-fddd-48e9-b39f-c53b98d749d5}</UniqueIdentifier>
    </Filter>
    <Filter Include="소스 파일\컴파일 의존성\리소스">
      <UniqueIdentifier>{70fbf2c9-85fd-42af-91bf-674bf475647e}</UniqueIdentifier>
    </Filter>
    <Filter Include="소스 파일\상속간의 함수호출">
      <UniqueIdentifier>{1cb09915-cf30-4456-a721-7b686b4058a6}</UniqueIdentifier>
    </Filter>
    <Filter Include="소스 파일\생성자 상속">
      <UniqueIdentifier>{8b6f2af5-f0a2-420f-9182-dfe28dec8659}</UniqueIdentifier>
    </Filter>
    <Filter Include="소스 파일\템플릿 인자 추론">
      <UniqueIdentifier>{d98214a2-44c1-4194-9166-ccfddb41543e}</UniqueIdentifier>
    </Filter>
    <Filter Include="소스 파일\스마트포인터">
      <UniqueIdentifier>{68602e83-0dd4-48e4-8df0-859c2a6c8635}</UniqueIdentifier>
    </Filter>
    <Filter Include="소스 파일\디폴트 이동 연산">
      <UniqueIdentifier>{99cc6131-acc7-4133-8b70-e607f3aa4917}</UniqueIdentifier>
    </Filter>
    <Filter Include="소스 파일\예외 처리">
      <UniqueIdentifier>{53c57a6c-3c2c-4459-9c06-0be114a4178c}</UniqueIdentifier>
    </Filter>
    <Filter Include="소스 파일\클래스 5색용군단 구현">
      <UniqueIdentifier>{7052f2af-3178-41e3-a1c3-b27af0388878}</UniqueIdentifier>
    </Filter>
    <Filter Include="소스 파일\백준 문제">
      <UniqueIdentifier>{7407594e-4eb6-40e2-998f-b856fe32914e}</UniqueIdentifier>
    </Filter>
    <Filter Include="소스 파일\알고스팟">
      <UniqueIdentifier>{43f791ae-447d-419f-ba9a-8613c167728d}</UniqueIdentifier>
    </Filter>
  </ItemGroup>
  <ItemGroup>
    <ClCompile Include="소스.cpp">
      <Filter>소스 파일</Filter>
    </ClCompile>
    <ClCompile Include="ex1_1.cpp">
      <Filter>소스 파일\코딩인터뷰 면접문제\Chapter 1</Filter>
    </ClCompile>
    <ClCompile Include="ex1_2.cpp">
      <Filter>소스 파일\코딩인터뷰 면접문제\Chapter 1</Filter>
    </ClCompile>
    <ClCompile Include="ex1_3.cpp">
      <Filter>소스 파일\코딩인터뷰 면접문제\Chapter 1</Filter>
    </ClCompile>
    <ClCompile Include="ex1_4.cpp">
      <Filter>소스 파일\코딩인터뷰 면접문제\Chapter 1</Filter>
    </ClCompile>
    <ClCompile Include="ex1_5.cpp">
      <Filter>소스 파일\코딩인터뷰 면접문제\Chapter 1</Filter>
    </ClCompile>
    <ClCompile Include="ex1_6.cpp">
      <Filter>소스 파일\코딩인터뷰 면접문제\Chapter 1</Filter>
    </ClCompile>
    <ClCompile Include="ex1_7.cpp">
      <Filter>소스 파일\코딩인터뷰 면접문제\Chapter 1</Filter>
    </ClCompile>
    <ClCompile Include="ex1_8.cpp">
      <Filter>소스 파일\코딩인터뷰 면접문제\Chapter 1</Filter>
    </ClCompile>
    <ClCompile Include="ex1_9.cpp">
      <Filter>소스 파일\코딩인터뷰 면접문제\Chapter 1</Filter>
    </ClCompile>
    <ClCompile Include="ex2_1.cpp">
      <Filter>소스 파일\코딩인터뷰 면접문제\Chapter 2</Filter>
    </ClCompile>
    <ClCompile Include="ex2_2.cpp">
      <Filter>소스 파일\코딩인터뷰 면접문제\Chapter 2</Filter>
    </ClCompile>
    <ClCompile Include="Interface_C.cpp">
      <Filter>소스 파일\컴파일 의존성\인터페이스 클래스</Filter>
    </ClCompile>
    <ClCompile Include="Handle_P.cpp">
      <Filter>소스 파일\컴파일 의존성\핸들 클래스</Filter>
    </ClCompile>
    <ClCompile Include="Handle_C.cpp">
      <Filter>소스 파일\컴파일 의존성\핸들 클래스</Filter>
    </ClCompile>
    <ClCompile Include="Double_C.cpp">
      <Filter>소스 파일\컴파일 의존성\리소스</Filter>
    </ClCompile>
    <ClCompile Include="int_C.cpp">
      <Filter>소스 파일\컴파일 의존성\리소스</Filter>
    </ClCompile>
    <ClCompile Include="Mama.cpp">
      <Filter>소스 파일\상속간의 함수호출</Filter>
    </ClCompile>
    <ClCompile Include="Kin.cpp">
      <Filter>소스 파일\상속간의 함수호출</Filter>
    </ClCompile>
    <ClCompile Include="Default Move SmartPointer.cpp">
      <Filter>소스 파일\디폴트 이동 연산</Filter>
    </ClCompile>
    <ClCompile Include="Default Move NormalPointer.cpp">
      <Filter>소스 파일\디폴트 이동 연산</Filter>
    </ClCompile>
    <ClCompile Include="Default Move Container.cpp">
      <Filter>소스 파일\디폴트 이동 연산</Filter>
    </ClCompile>
    <ClCompile Include="SmartPointer Address with Null.cpp">
      <Filter>소스 파일\스마트포인터</Filter>
    </ClCompile>
    <ClCompile Include="Default Move Normal Type.cpp">
      <Filter>소스 파일\디폴트 이동 연산</Filter>
    </ClCompile>
    <ClCompile Include="템플릿 꺽쇠괄호 사용유무.cpp">
      <Filter>소스 파일\템플릿 인자 추론</Filter>
    </ClCompile>
    <ClCompile Include="Error Test.cpp">
      <Filter>소스 파일\예외 처리</Filter>
    </ClCompile>
    <ClCompile Include="Five fuction.cpp">
      <Filter>소스 파일\클래스 5색용군단 구현</Filter>
    </ClCompile>
    <ClCompile Include="최대 경로의 수들의 합 및 경로의 수.cpp">
      <Filter>소스 파일\코딩인터뷰 면접문제</Filter>
    </ClCompile>
    <ClCompile Include="9251.cpp">
      <Filter>소스 파일\백준 문제</Filter>
    </ClCompile>
    <ClCompile Include="1912.cpp">
      <Filter>소스 파일\백준 문제</Filter>
    </ClCompile>
    <ClCompile Include="CANASATRIP.cpp">
      <Filter>소스 파일\알고스팟</Filter>
    </ClCompile>
    <ClCompile Include="RATIO.cpp">
      <Filter>소스 파일\알고스팟</Filter>
    </ClCompile>
    <ClCompile Include="PASS486.cpp">
      <Filter>소스 파일\알고스팟</Filter>
    </ClCompile>
    <ClCompile Include="POTION.cpp">
      <Filter>소스 파일\알고스팟</Filter>
    </ClCompile>
  </ItemGroup>
  <ItemGroup>
    <ClInclude Include="Chapter2_Node.h">
      <Filter>소스 파일\코딩인터뷰 면접문제\Chapter 2\Linkedlist</Filter>
    </ClInclude>
    <ClInclude Include="Chapter2_Linkedlist.h">
      <Filter>소스 파일\코딩인터뷰 면접문제\Chapter 2\Linkedlist</Filter>
    </ClInclude>
    <ClInclude Include="Interface_P.h">
      <Filter>소스 파일\컴파일 의존성\인터페이스 클래스</Filter>
    </ClInclude>
    <ClInclude Include="Interface_C.h">
      <Filter>소스 파일\컴파일 의존성\인터페이스 클래스</Filter>
    </ClInclude>
    <ClInclude Include="Handle_C.h">
      <Filter>소스 파일\컴파일 의존성\핸들 클래스</Filter>
    </ClInclude>
    <ClInclude Include="Handle_P.h">
      <Filter>소스 파일\컴파일 의존성\핸들 클래스</Filter>
    </ClInclude>
    <ClInclude Include="Double_C.h">
      <Filter>소스 파일\컴파일 의존성\리소스</Filter>
    </ClInclude>
    <ClInclude Include="int_C.h">
      <Filter>소스 파일\컴파일 의존성\리소스</Filter>
    </ClInclude>
    <ClInclude Include="Mama.h">
      <Filter>소스 파일\상속간의 함수호출</Filter>
    </ClInclude>
    <ClInclude Include="Kin.h">
      <Filter>소스 파일\상속간의 함수호출</Filter>
    </ClInclude>
    <ClInclude Include="Base.h">
      <Filter>소스 파일\생성자 상속</Filter>
    </ClInclude>
    <ClInclude Include="Derived.h">
      <Filter>소스 파일\생성자 상속</Filter>
    </ClInclude>
    <ClInclude Include="Template Argument Duduction.h">
      <Filter>소스 파일\템플릿 인자 추론</Filter>
    </ClInclude>
  </ItemGroup>
</Project>